# This file is automatically @generated by Cargo.
# It is not intended for manual editing.
version = 4

[[package]]
name = "archive-app"
version = "0.0.0"
dependencies = [
 "archive-domain",
 "archive-platform",
]

[[package]]
name = "archive-cli"
version = "0.0.0"
dependencies = [
 "archive-app",
 "archive-domain",
 "archive-engine",
 "archive-platform",
]

[[package]]
name = "archive-domain"
version = "0.0.0"

[[package]]
name = "archive-engine"
version = "0.0.0"
dependencies = [
 "archive-domain",
 "archive-engine-sys",
]

[[package]]
name = "archive-engine-sys"
version = "0.0.0"

[[package]]
name = "archive-platform"
version = "0.0.0"
dependencies = [
 "archive-domain",
]

[[package]]
name = "archive-qt"
version = "0.0.0"
dependencies = [
 "archive-app",
 "archive-domain",
 "archive-engine",
 "archive-platform",
]
